
Microsoft Visual Studio Solution File, Format Version 12.00
# Visual Studio 14
VisualStudioVersion = 14.0.25420.1
MinimumVisualStudioVersion = 10.0.40219.1
Project("{8BC9CEB8-8B4A-11D0-8D11-00A0C91BC942}") = "np_alloc", "..\..\src\np_alloc.vcxproj", "{07818900-5E69-4D29-A04F-E31858919EDD}"
EndProject
Project("{8BC9CEB8-8B4A-11D0-8D11-00A0C91BC942}") = "np_alloc_test", "..\..\np_alloc_test\np_alloc_test.vcxproj", "{805EAE10-963F-4B8E-8409-2A7419D6D356}"
EndProject
Project("{8BC9CEB8-8B4A-11D0-8D11-00A0C91BC942}") = "GTest", "..\..\test\gtest\GTest.vcxproj", "{EFA0E0F5-F4DC-40F0-9B46-347E29FA8792}"
EndProject
Project("{2150E333-8FDC-42A3-9474-1A3956D46DE8}") = "test", "test", "{2E28B266-33C4-4D17-B624-26C375543D79}"
EndProject
Project("{8BC9CEB8-8B4A-11D0-8D11-00A0C91BC942}") = "UnitTest", "..\..\test\unittest\UnitTest.vcxproj", "{62325FAF-4F57-4A85-B9FA-7C2B7F3D895A}"
EndProject
Project("{2150E333-8FDC-42A3-9474-1A3956D46DE8}") = "linux", "linux", "{8EC8D786-6DF1-48F7-A414-8ED27D3D3DD5}"
EndProject
Project("{8BC9CEB8-8B4A-11D0-8D11-00A0C91BC942}") = "np_alloc_linux", "..\..\src\np_alloc_linux.vcxproj", "{A8F4A283-BBDC-4A84-AAF0-82367D68D7D1}"
EndProject
Global
	GlobalSection(SolutionConfigurationPlatforms) = preSolution
		Debug|ARM = Debug|ARM
		Debug|x64 = Debug|x64
		Debug|x86 = Debug|x86
		Release|ARM = Release|ARM
		Release|x64 = Release|x64
		Release|x86 = Release|x86
	EndGlobalSection
	GlobalSection(ProjectConfigurationPlatforms) = postSolution
		{07818900-5E69-4D29-A04F-E31858919EDD}.Debug|ARM.ActiveCfg = Debug|Win32
		{07818900-5E69-4D29-A04F-E31858919EDD}.Debug|x64.ActiveCfg = Debug|x64
		{07818900-5E69-4D29-A04F-E31858919EDD}.Debug|x64.Build.0 = Debug|x64
		{07818900-5E69-4D29-A04F-E31858919EDD}.Debug|x86.ActiveCfg = Debug|Win32
		{07818900-5E69-4D29-A04F-E31858919EDD}.Debug|x86.Build.0 = Debug|Win32
		{07818900-5E69-4D29-A04F-E31858919EDD}.Release|ARM.ActiveCfg = Release|Win32
		{07818900-5E69-4D29-A04F-E31858919EDD}.Release|x64.ActiveCfg = Release|x64
		{07818900-5E69-4D29-A04F-E31858919EDD}.Release|x64.Build.0 = Release|x64
		{07818900-5E69-4D29-A04F-E31858919EDD}.Release|x86.ActiveCfg = Release|Win32
		{07818900-5E69-4D29-A04F-E31858919EDD}.Release|x86.Build.0 = Release|Win32
		{805EAE10-963F-4B8E-8409-2A7419D6D356}.Debug|ARM.ActiveCfg = Debug|Win32
		{805EAE10-963F-4B8E-8409-2A7419D6D356}.Debug|x64.ActiveCfg = Debug|x64
		{805EAE10-963F-4B8E-8409-2A7419D6D356}.Debug|x64.Build.0 = Debug|x64
		{805EAE10-963F-4B8E-8409-2A7419D6D356}.Debug|x86.ActiveCfg = Debug|Win32
		{805EAE10-963F-4B8E-8409-2A7419D6D356}.Debug|x86.Build.0 = Debug|Win32
		{805EAE10-963F-4B8E-8409-2A7419D6D356}.Release|ARM.ActiveCfg = Release|Win32
		{805EAE10-963F-4B8E-8409-2A7419D6D356}.Release|x64.ActiveCfg = Release|x64
		{805EAE10-963F-4B8E-8409-2A7419D6D356}.Release|x64.Build.0 = Release|x64
		{805EAE10-963F-4B8E-8409-2A7419D6D356}.Release|x86.ActiveCfg = Release|Win32
		{805EAE10-963F-4B8E-8409-2A7419D6D356}.Release|x86.Build.0 = Release|Win32
		{EFA0E0F5-F4DC-40F0-9B46-347E29FA8792}.Debug|ARM.ActiveCfg = Debug|Win32
		{EFA0E0F5-F4DC-40F0-9B46-347E29FA8792}.Debug|x64.ActiveCfg = Debug|x64
		{EFA0E0F5-F4DC-40F0-9B46-347E29FA8792}.Debug|x64.Build.0 = Debug|x64
		{EFA0E0F5-F4DC-40F0-9B46-347E29FA8792}.Debug|x86.ActiveCfg = Debug|Win32
		{EFA0E0F5-F4DC-40F0-9B46-347E29FA8792}.Debug|x86.Build.0 = Debug|Win32
		{EFA0E0F5-F4DC-40F0-9B46-347E29FA8792}.Release|ARM.ActiveCfg = Release|Win32
		{EFA0E0F5-F4DC-40F0-9B46-347E29FA8792}.Release|x64.ActiveCfg = Release|x64
		{EFA0E0F5-F4DC-40F0-9B46-347E29FA8792}.Release|x64.Build.0 = Release|x64
		{EFA0E0F5-F4DC-40F0-9B46-347E29FA8792}.Release|x86.ActiveCfg = Release|Win32
		{EFA0E0F5-F4DC-40F0-9B46-347E29FA8792}.Release|x86.Build.0 = Release|Win32
		{62325FAF-4F57-4A85-B9FA-7C2B7F3D895A}.Debug|ARM.ActiveCfg = Debug|Win32
		{62325FAF-4F57-4A85-B9FA-7C2B7F3D895A}.Debug|x64.ActiveCfg = Debug|x64
		{62325FAF-4F57-4A85-B9FA-7C2B7F3D895A}.Debug|x64.Build.0 = Debug|x64
		{62325FAF-4F57-4A85-B9FA-7C2B7F3D895A}.Debug|x86.ActiveCfg = Debug|Win32
		{62325FAF-4F57-4A85-B9FA-7C2B7F3D895A}.Debug|x86.Build.0 = Debug|Win32
		{62325FAF-4F57-4A85-B9FA-7C2B7F3D895A}.Release|ARM.ActiveCfg = Release|Win32
		{62325FAF-4F57-4A85-B9FA-7C2B7F3D895A}.Release|x64.ActiveCfg = Release|x64
		{62325FAF-4F57-4A85-B9FA-7C2B7F3D895A}.Release|x64.Build.0 = Release|x64
		{62325FAF-4F57-4A85-B9FA-7C2B7F3D895A}.Release|x86.ActiveCfg = Release|Win32
		{62325FAF-4F57-4A85-B9FA-7C2B7F3D895A}.Release|x86.Build.0 = Release|Win32
		{A8F4A283-BBDC-4A84-AAF0-82367D68D7D1}.Debug|ARM.ActiveCfg = Debug|ARM
		{A8F4A283-BBDC-4A84-AAF0-82367D68D7D1}.Debug|ARM.Build.0 = Debug|ARM
		{A8F4A283-BBDC-4A84-AAF0-82367D68D7D1}.Debug|x64.ActiveCfg = Debug|x64
		{A8F4A283-BBDC-4A84-AAF0-82367D68D7D1}.Debug|x64.Build.0 = Debug|x64
		{A8F4A283-BBDC-4A84-AAF0-82367D68D7D1}.Debug|x86.ActiveCfg = Debug|x86
		{A8F4A283-BBDC-4A84-AAF0-82367D68D7D1}.Debug|x86.Build.0 = Debug|x86
		{A8F4A283-BBDC-4A84-AAF0-82367D68D7D1}.Release|ARM.ActiveCfg = Release|ARM
		{A8F4A283-BBDC-4A84-AAF0-82367D68D7D1}.Release|ARM.Build.0 = Release|ARM
		{A8F4A283-BBDC-4A84-AAF0-82367D68D7D1}.Release|x64.ActiveCfg = Release|x64
		{A8F4A283-BBDC-4A84-AAF0-82367D68D7D1}.Release|x64.Build.0 = Release|x64
		{A8F4A283-BBDC-4A84-AAF0-82367D68D7D1}.Release|x86.ActiveCfg = Release|x86
		{A8F4A283-BBDC-4A84-AAF0-82367D68D7D1}.Release|x86.Build.0 = Release|x86
	EndGlobalSection
	GlobalSection(SolutionProperties) = preSolution
		HideSolutionNode = FALSE
	EndGlobalSection
	GlobalSection(NestedProjects) = preSolution
		{EFA0E0F5-F4DC-40F0-9B46-347E29FA8792} = {2E28B266-33C4-4D17-B624-26C375543D79}
		{62325FAF-4F57-4A85-B9FA-7C2B7F3D895A} = {2E28B266-33C4-4D17-B624-26C375543D79}
		{A8F4A283-BBDC-4A84-AAF0-82367D68D7D1} = {8EC8D786-6DF1-48F7-A414-8ED27D3D3DD5}
	EndGlobalSection
EndGlobal
